
Microsoft Visual Studio Solution File, Format Version 12.00
# Visual Studio Version 17
VisualStudioVersion = 17.14.36414.22 d17.14
MinimumVisualStudioVersion = 10.0.40219.1
Project("{FAE04EC0-301F-11D3-BF4B-00C04F79EFBC}") = "ExpressoData", "ExpressoData.csproj", "{B6088025-AA5D-43BD-B761-1B7D2304DACD}"
EndProject
Project("{FAE04EC0-301F-11D3-BF4B-00C04F79EFBC}") = "ExpressoData.Domain", "..\ExpressoData.Domain\ExpressoData.Domain.csproj", "{4330C80C-C981-4EA7-82D2-A44D317C24CD}"
EndProject
Project("{FAE04EC0-301F-11D3-BF4B-00C04F79EFBC}") = "ExpressoData.Infrastructure", "..\ExpressoData.Infrastructure\ExpressoData.Infrastructure.csproj", "{E85E1018-B52B-4EDC-82F4-D2A16D9AC79B}"
EndProject
Project("{FAE04EC0-301F-11D3-BF4B-00C04F79EFBC}") = "ExpressoData.Application", "..\ExpressoData.Application\ExpressoData.Application.csproj", "{640076ED-CD58-4CBF-A9FE-3196F31F034A}"
EndProject
Global
	GlobalSection(SolutionConfigurationPlatforms) = preSolution
		Debug|Any CPU = Debug|Any CPU
		Release|Any CPU = Release|Any CPU
	EndGlobalSection
	GlobalSection(ProjectConfigurationPlatforms) = postSolution
		{B6088025-AA5D-43BD-B761-1B7D2304DACD}.Debug|Any CPU.ActiveCfg = Debug|Any CPU
		{B6088025-AA5D-43BD-B761-1B7D2304DACD}.Debug|Any CPU.Build.0 = Debug|Any CPU
		{B6088025-AA5D-43BD-B761-1B7D2304DACD}.Release|Any CPU.ActiveCfg = Release|Any CPU
		{B6088025-AA5D-43BD-B761-1B7D2304DACD}.Release|Any CPU.Build.0 = Release|Any CPU
		{4330C80C-C981-4EA7-82D2-A44D317C24CD}.Debug|Any CPU.ActiveCfg = Debug|Any CPU
		{4330C80C-C981-4EA7-82D2-A44D317C24CD}.Debug|Any CPU.Build.0 = Debug|Any CPU
		{4330C80C-C981-4EA7-82D2-A44D317C24CD}.Release|Any CPU.ActiveCfg = Release|Any CPU
		{4330C80C-C981-4EA7-82D2-A44D317C24CD}.Release|Any CPU.Build.0 = Release|Any CPU
		{E85E1018-B52B-4EDC-82F4-D2A16D9AC79B}.Debug|Any CPU.ActiveCfg = Debug|Any CPU
		{E85E1018-B52B-4EDC-82F4-D2A16D9AC79B}.Debug|Any CPU.Build.0 = Debug|Any CPU
		{E85E1018-B52B-4EDC-82F4-D2A16D9AC79B}.Release|Any CPU.ActiveCfg = Release|Any CPU
		{E85E1018-B52B-4EDC-82F4-D2A16D9AC79B}.Release|Any CPU.Build.0 = Release|Any CPU
		{640076ED-CD58-4CBF-A9FE-3196F31F034A}.Debug|Any CPU.ActiveCfg = Debug|Any CPU
		{640076ED-CD58-4CBF-A9FE-3196F31F034A}.Debug|Any CPU.Build.0 = Debug|Any CPU
		{640076ED-CD58-4CBF-A9FE-3196F31F034A}.Release|Any CPU.ActiveCfg = Release|Any CPU
		{640076ED-CD58-4CBF-A9FE-3196F31F034A}.Release|Any CPU.Build.0 = Release|Any CPU
	EndGlobalSection
	GlobalSection(SolutionProperties) = preSolution
		HideSolutionNode = FALSE
	EndGlobalSection
	GlobalSection(ExtensibilityGlobals) = postSolution
		SolutionGuid = {5574A76D-4B82-4554-9F45-5B0902C3901C}
	EndGlobalSection
EndGlobal
